
Microsoft Visual Studio Solution File, Format Version 12.00
# Visual Studio Version 17
VisualStudioVersion = 17.9.34728.123
MinimumVisualStudioVersion = 10.0.40219.1
Project("{FAE04EC0-301F-11D3-BF4B-00C04F79EFBC}") = "Trab-3LadosTriangulo", "Trab-3LadosTriangulo\Trab-3LadosTriangulo.csproj", "{779875EB-3916-4457-8221-B2D720ED3BB7}"
EndProject
Global
	GlobalSection(SolutionConfigurationPlatforms) = preSolution
		Debug|Any CPU = Debug|Any CPU
		Release|Any CPU = Release|Any CPU
	EndGlobalSection
	GlobalSection(ProjectConfigurationPlatforms) = postSolution
		{779875EB-3916-4457-8221-B2D720ED3BB7}.Debug|Any CPU.ActiveCfg = Debug|Any CPU
		{779875EB-3916-4457-8221-B2D720ED3BB7}.Debug|Any CPU.Build.0 = Debug|Any CPU
		{779875EB-3916-4457-8221-B2D720ED3BB7}.Release|Any CPU.ActiveCfg = Release|Any CPU
		{779875EB-3916-4457-8221-B2D720ED3BB7}.Release|Any CPU.Build.0 = Release|Any CPU
	EndGlobalSection
	GlobalSection(SolutionProperties) = preSolution
		HideSolutionNode = FALSE
	EndGlobalSection
	GlobalSection(ExtensibilityGlobals) = postSolution
		SolutionGuid = {1AFF04A1-511A-4873-BBA0-5EB71B077043}
	EndGlobalSection
EndGlobal
